
Microsoft Visual Studio Solution File, Format Version 12.00
# Visual Studio Version 17
VisualStudioVersion = 17.6.33829.357
MinimumVisualStudioVersion = 10.0.40219.1
Project("{FAE04EC0-301F-11D3-BF4B-00C04F79EFBC}") = "DifferenceBetweenBackgroundAndForegroundThread", "DifferenceBetweenBackgroundAndForegroundThread\DifferenceBetweenBackgroundAndForegroundThread.csproj", "{079909FD-0AD6-4DF4-8561-FACB9C5A5A90}"
EndProject
Global
	GlobalSection(SolutionConfigurationPlatforms) = preSolution
		Debug|Any CPU = Debug|Any CPU
		Release|Any CPU = Release|Any CPU
	EndGlobalSection
	GlobalSection(ProjectConfigurationPlatforms) = postSolution
		{079909FD-0AD6-4DF4-8561-FACB9C5A5A90}.Debug|Any CPU.ActiveCfg = Debug|Any CPU
		{079909FD-0AD6-4DF4-8561-FACB9C5A5A90}.Debug|Any CPU.Build.0 = Debug|Any CPU
		{079909FD-0AD6-4DF4-8561-FACB9C5A5A90}.Release|Any CPU.ActiveCfg = Release|Any CPU
		{079909FD-0AD6-4DF4-8561-FACB9C5A5A90}.Release|Any CPU.Build.0 = Release|Any CPU
	EndGlobalSection
	GlobalSection(SolutionProperties) = preSolution
		HideSolutionNode = FALSE
	EndGlobalSection
	GlobalSection(ExtensibilityGlobals) = postSolution
		SolutionGuid = {76204447-9A35-4E42-9769-105E78D5A313}
	EndGlobalSection
EndGlobal
